
Microsoft Visual Studio Solution File, Format Version 12.00
# Visual Studio Version 17
VisualStudioVersion = 17.5.33516.290
MinimumVisualStudioVersion = 10.0.40219.1
Project("{2150E333-8FDC-42A3-9474-1A3956D46DE8}") = "doc", "doc", "{69F095B7-2FFE-4422-8400-63BC08B40F0C}"
EndProject
Project("{2150E333-8FDC-42A3-9474-1A3956D46DE8}") = "src", "src", "{AD9A7A74-1335-4404-B2AA-E6967DE1D7E0}"
EndProject
Project("{2150E333-8FDC-42A3-9474-1A3956D46DE8}") = "API", "API", "{F5051FA9-F528-4C2F-BED7-1BDCB2B340DE}"
EndProject
Project("{2150E333-8FDC-42A3-9474-1A3956D46DE8}") = "Core", "Core", "{87901D25-0F0D-4225-9001-CF85B7156F75}"
EndProject
Project("{2150E333-8FDC-42A3-9474-1A3956D46DE8}") = "Infrastructure", "Infrastructure", "{91BB8B8B-2666-478B-A26A-C16F7AFC0312}"
EndProject
Project("{FAE04EC0-301F-11D3-BF4B-00C04F79EFBC}") = "EIRA.API", "EIRA.API\EIRA.API.csproj", "{D96EFB45-58F6-404C-9988-60AB28D829E8}"
EndProject
Project("{FAE04EC0-301F-11D3-BF4B-00C04F79EFBC}") = "EIRA.Application", "EIRA.Application\EIRA.Application.csproj", "{7F95133F-35B9-4A5A-8E6B-DEA154961210}"
EndProject
Project("{FAE04EC0-301F-11D3-BF4B-00C04F79EFBC}") = "EIRA.Domain", "EIRA.Domain\EIRA.Domain.csproj", "{D288E07A-5624-437A-AB9B-4457CEFB4607}"
EndProject
Project("{FAE04EC0-301F-11D3-BF4B-00C04F79EFBC}") = "EIRA.Infrastructure", "EIRA.Infrastructure\EIRA.Infrastructure.csproj", "{1D6D95A9-F2FC-475A-9CA0-94F11B5948A3}"
EndProject
Global
	GlobalSection(SolutionConfigurationPlatforms) = preSolution
		Debug|Any CPU = Debug|Any CPU
		Release|Any CPU = Release|Any CPU
	EndGlobalSection
	GlobalSection(ProjectConfigurationPlatforms) = postSolution
		{D96EFB45-58F6-404C-9988-60AB28D829E8}.Debug|Any CPU.ActiveCfg = Debug|Any CPU
		{D96EFB45-58F6-404C-9988-60AB28D829E8}.Debug|Any CPU.Build.0 = Debug|Any CPU
		{D96EFB45-58F6-404C-9988-60AB28D829E8}.Release|Any CPU.ActiveCfg = Release|Any CPU
		{D96EFB45-58F6-404C-9988-60AB28D829E8}.Release|Any CPU.Build.0 = Release|Any CPU
		{7F95133F-35B9-4A5A-8E6B-DEA154961210}.Debug|Any CPU.ActiveCfg = Debug|Any CPU
		{7F95133F-35B9-4A5A-8E6B-DEA154961210}.Debug|Any CPU.Build.0 = Debug|Any CPU
		{7F95133F-35B9-4A5A-8E6B-DEA154961210}.Release|Any CPU.ActiveCfg = Release|Any CPU
		{7F95133F-35B9-4A5A-8E6B-DEA154961210}.Release|Any CPU.Build.0 = Release|Any CPU
		{D288E07A-5624-437A-AB9B-4457CEFB4607}.Debug|Any CPU.ActiveCfg = Debug|Any CPU
		{D288E07A-5624-437A-AB9B-4457CEFB4607}.Debug|Any CPU.Build.0 = Debug|Any CPU
		{D288E07A-5624-437A-AB9B-4457CEFB4607}.Release|Any CPU.ActiveCfg = Release|Any CPU
		{D288E07A-5624-437A-AB9B-4457CEFB4607}.Release|Any CPU.Build.0 = Release|Any CPU
		{1D6D95A9-F2FC-475A-9CA0-94F11B5948A3}.Debug|Any CPU.ActiveCfg = Debug|Any CPU
		{1D6D95A9-F2FC-475A-9CA0-94F11B5948A3}.Debug|Any CPU.Build.0 = Debug|Any CPU
		{1D6D95A9-F2FC-475A-9CA0-94F11B5948A3}.Release|Any CPU.ActiveCfg = Release|Any CPU
		{1D6D95A9-F2FC-475A-9CA0-94F11B5948A3}.Release|Any CPU.Build.0 = Release|Any CPU
	EndGlobalSection
	GlobalSection(SolutionProperties) = preSolution
		HideSolutionNode = FALSE
	EndGlobalSection
	GlobalSection(NestedProjects) = preSolution
		{F5051FA9-F528-4C2F-BED7-1BDCB2B340DE} = {AD9A7A74-1335-4404-B2AA-E6967DE1D7E0}
		{87901D25-0F0D-4225-9001-CF85B7156F75} = {AD9A7A74-1335-4404-B2AA-E6967DE1D7E0}
		{91BB8B8B-2666-478B-A26A-C16F7AFC0312} = {AD9A7A74-1335-4404-B2AA-E6967DE1D7E0}
		{D96EFB45-58F6-404C-9988-60AB28D829E8} = {F5051FA9-F528-4C2F-BED7-1BDCB2B340DE}
		{7F95133F-35B9-4A5A-8E6B-DEA154961210} = {87901D25-0F0D-4225-9001-CF85B7156F75}
		{D288E07A-5624-437A-AB9B-4457CEFB4607} = {87901D25-0F0D-4225-9001-CF85B7156F75}
		{1D6D95A9-F2FC-475A-9CA0-94F11B5948A3} = {91BB8B8B-2666-478B-A26A-C16F7AFC0312}
	EndGlobalSection
	GlobalSection(ExtensibilityGlobals) = postSolution
		SolutionGuid = {667E7716-7F40-4714-93D9-F7860BE8CC11}
	EndGlobalSection
EndGlobal
